
Microsoft Visual Studio Solution File, Format Version 12.00
# Visual Studio Version 17
VisualStudioVersion = 17.14.36804.6 d17.14
MinimumVisualStudioVersion = 10.0.40219.1
Project("{FAE04EC0-301F-11D3-BF4B-00C04F79EFBC}") = "CSR", "CSR.csproj", "{27CECFFC-46B9-2C31-76F4-A29B64C1A00A}"
EndProject
Global
	GlobalSection(SolutionConfigurationPlatforms) = preSolution
		Debug|Any CPU = Debug|Any CPU
		Release|Any CPU = Release|Any CPU
	EndGlobalSection
	GlobalSection(ProjectConfigurationPlatforms) = postSolution
		{27CECFFC-46B9-2C31-76F4-A29B64C1A00A}.Debug|Any CPU.ActiveCfg = Debug|Any CPU
		{27CECFFC-46B9-2C31-76F4-A29B64C1A00A}.Debug|Any CPU.Build.0 = Debug|Any CPU
		{27CECFFC-46B9-2C31-76F4-A29B64C1A00A}.Release|Any CPU.ActiveCfg = Release|Any CPU
		{27CECFFC-46B9-2C31-76F4-A29B64C1A00A}.Release|Any CPU.Build.0 = Release|Any CPU
	EndGlobalSection
	GlobalSection(SolutionProperties) = preSolution
		HideSolutionNode = FALSE
	EndGlobalSection
	GlobalSection(ExtensibilityGlobals) = postSolution
		SolutionGuid = {8CDBB7FC-FC48-45CC-8005-45CF37BEBA4A}
	EndGlobalSection
EndGlobal
